
Microsoft Visual Studio Solution File, Format Version 12.00
# Visual Studio Version 16
VisualStudioVersion = 16.0.31112.23
MinimumVisualStudioVersion = 10.0.40219.1
Project("{888888A0-9F3D-457C-B088-3A5042F75D52}") = "TestClient", "TestClient\TestClient.pyproj", "{F91DF25E-268B-45EF-A23C-4AF21F2A8646}"
EndProject
Global
	GlobalSection(SolutionConfigurationPlatforms) = preSolution
		Debug|Any CPU = Debug|Any CPU
		Release|Any CPU = Release|Any CPU
	EndGlobalSection
	GlobalSection(ProjectConfigurationPlatforms) = postSolution
		{F91DF25E-268B-45EF-A23C-4AF21F2A8646}.Debug|Any CPU.ActiveCfg = Debug|Any CPU
		{F91DF25E-268B-45EF-A23C-4AF21F2A8646}.Release|Any CPU.ActiveCfg = Release|Any CPU
	EndGlobalSection
	GlobalSection(SolutionProperties) = preSolution
		HideSolutionNode = FALSE
	EndGlobalSection
	GlobalSection(ExtensibilityGlobals) = postSolution
		SolutionGuid = {BE05211B-36D8-4C78-A27D-B5BB1EAA2F26}
	EndGlobalSection
EndGlobal
